Microsoft Visual Studio Solution File, Format Version 12.00
# Visual Studio Version 17
VisualStudioVersion = 17.5.2.0
MinimumVisualStudioVersion = 10.0.40219.1
Project("{FAE04EC0-301F-11D3-BF4B-00C04F79EFBC}") = "Ejemplo_EF_Avanzado1", "Ejemplo_EF_Avanzado1.csproj", "{EBF93326-A9F8-9EB2-1EAB-B030FCDF2193}"
EndProject
Global
	GlobalSection(SolutionConfigurationPlatforms) = preSolution
		Debug|Any CPU = Debug|Any CPU
		Release|Any CPU = Release|Any CPU
	EndGlobalSection
	GlobalSection(ProjectConfigurationPlatforms) = postSolution
		{EBF93326-A9F8-9EB2-1EAB-B030FCDF2193}.Debug|Any CPU.ActiveCfg = Debug|Any CPU
		{EBF93326-A9F8-9EB2-1EAB-B030FCDF2193}.Debug|Any CPU.Build.0 = Debug|Any CPU
		{EBF93326-A9F8-9EB2-1EAB-B030FCDF2193}.Release|Any CPU.ActiveCfg = Release|Any CPU
		{EBF93326-A9F8-9EB2-1EAB-B030FCDF2193}.Release|Any CPU.Build.0 = Release|Any CPU
	EndGlobalSection
	GlobalSection(SolutionProperties) = preSolution
		HideSolutionNode = FALSE
	EndGlobalSection
	GlobalSection(ExtensibilityGlobals) = postSolution
		SolutionGuid = {3FB48A7C-E86C-4BAC-AD64-81280589623A}
	EndGlobalSection
EndGlobal
